github.com/bwmarrin/snowflake v0.3.0 h1:xm67bEhkKh6ij1790JB83OujPR5CzNe8QuQqAgISZN0=
github.com/bwmarrin/snowflake v0.3.0/go.mod h1:NdZxfVWX+oR6y2K0o6qAYv6gIOP9rjG0/E9WsDpxqwE=
github.com/crosscode-nl/snowflake v0.3.0 h1:xgwnSJjzTAC39mQG6536prLZRJSgVgmeP12yyBV2zMw=
github.com/crosscode-nl/snowflake v0.3.0/go.mod h1:OpvgI00UlsQoT8bxZiRPwjx8ZCqdFLE+3Ada+uuMMak=
github.com/crosscode-nl/snowflake v0.4.0 h1:qPJ0bjB/l8TVjOJHygvKb7jbVZ6Vf/z+UOMP0giLJPc=
github.com/crosscode-nl/snowflake v0.4.0/go.mod h1:OpvgI00UlsQoT8bxZiRPwjx8ZCqdFLE+3Ada+uuMMak=
github.com/godruoyi/go-snowflake v0.0.2 h1:rN9imTkrUJ5ZjuwTOi7kTGQFEZSUI3pwPMzAb7uitk4=
github.com/godruoyi/go-snowflake v0.0.2/go.mod h1:6JXMZzmleLpSK9pYpg4LXTcAz54mdYXTeXUvVks17+4=
github.com/influxdata/influxdb v1.11.5 h1:+em5VOl6lhAZubXj5o6SobCwvrRs3XDlBx/MUI4schI=
github.com/influxdata/influxdb v1.11.5/go.mod h1:k8sWREQl1/9t46VrkrH5adUM4UNGIt206ipO3plbkw8=
